<?xml version="1.0" encoding="utf-8"?>
<Project ToolsVersion="4.0" xmlns="http://schemas.microsoft.com/developer/msbuild/2003">
  <ItemGroup>
    <Filter Include="Source Files">
      <UniqueIdentifier>{4FC737F1-C7A5-4376-A066-2A32D752A2FF}</UniqueIdentifier>
      <Extensions>cpp;c;cc;cxx;c++;cppm;ixx;def;odl;idl;hpj;bat;asm;asmx</Extensions>
    </Filter>
    <Filter Include="Header Files">
      <UniqueIdentifier>{93995380-89BD-4b04-88EB-625FBE52EBFB}</UniqueIdentifier>
      <Extensions>h;hh;hpp;hxx;h++;hm;inl;inc;ipp;xsd</Extensions>
    </Filter>
    <Filter Include="Resource Files">
      <UniqueIdentifier>{67DA6AB6-F800-4c08-8B7A-83BB121AAD01}</UniqueIdentifier>
      <Extensions>rc;ico;cur;bmp;dlg;rc2;rct;bin;rgs;gif;jpg;jpeg;jpe;resx;tiff;tif;png;wav;mfcribbon-ms</Extensions>
    </Filter>
    <Filter Include="Source Files\Base">
      <UniqueIdentifier>{c8c6da93-5731-4d7b-a85d-38802278c99f}</UniqueIdentifier>
    </Filter>
  </ItemGroup>
  <ItemGroup>
    <ClCompile Include="qprop_v3.2.cpp">
      <Filter>Source Files</Filter>
    </ClCompile>
    <ClCompile Include="src\base\ned.cc">
      <Filter>Source Files\Base</Filter>
    </ClCompile>
    <ClCompile Include="src\base\factorial.cc">
      <Filter>Source Files\Base</Filter>
    </ClCompile>
    <ClCompile Include="src\base\fluid.cc">
      <Filter>Source Files\Base</Filter>
    </ClCompile>
    <ClCompile Include="src\base\gfunc.cc">
      <Filter>Source Files\Base</Filter>
    </ClCompile>
    <ClCompile Include="src\base\grid.cc">
      <Filter>Source Files\Base</Filter>
    </ClCompile>
    <ClCompile Include="src\base\hamop.cc">
      <Filter>Source Files\Base</Filter>
    </ClCompile>
    <ClCompile Include="src\base\bar.cc">
      <Filter>Source Files\Base</Filter>
    </ClCompile>
    <ClCompile Include="src\base\ylm.cc">
      <Filter>Source Files\Base</Filter>
    </ClCompile>
    <ClCompile Include="src\base\wavefunction.cc">
      <Filter>Source Files\Base</Filter>
    </ClCompile>
    <ClCompile Include="src\base\winop.cc">
      <Filter>Source Files\Base</Filter>
    </ClCompile>
    <ClCompile Include="src\base\parameter.cc">
      <Filter>Source Files\Base</Filter>
    </ClCompile>
  </ItemGroup>
  <ItemGroup>
    <ClInclude Include="src\base\bar.h">
      <Filter>Header Files</Filter>
    </ClInclude>
    <ClInclude Include="src\base\factorial.h">
      <Filter>Header Files</Filter>
    </ClInclude>
    <ClInclude Include="src\base\fluid.h">
      <Filter>Header Files</Filter>
    </ClInclude>
    <ClInclude Include="src\base\gfunc.h">
      <Filter>Header Files</Filter>
    </ClInclude>
    <ClInclude Include="src\base\grid.h">
      <Filter>Header Files</Filter>
    </ClInclude>
    <ClInclude Include="src\base\hamop.h">
      <Filter>Header Files</Filter>
    </ClInclude>
    <ClInclude Include="src\base\ned.h">
      <Filter>Header Files</Filter>
    </ClInclude>
    <ClInclude Include="src\base\parameter.hh">
      <Filter>Header Files</Filter>
    </ClInclude>
    <ClInclude Include="src\base\powers.hh">
      <Filter>Header Files</Filter>
    </ClInclude>
    <ClInclude Include="src\base\rwBinaryFile.hh">
      <Filter>Header Files</Filter>
    </ClInclude>
    <ClInclude Include="src\base\smallHelpers.hh">
      <Filter>Header Files</Filter>
    </ClInclude>
    <ClInclude Include="src\base\tsurffSpectrum.hh">
      <Filter>Header Files</Filter>
    </ClInclude>
    <ClInclude Include="src\base\wavefunction.h">
      <Filter>Header Files</Filter>
    </ClInclude>
    <ClInclude Include="src\base\winop.h">
      <Filter>Header Files</Filter>
    </ClInclude>
    <ClInclude Include="src\base\ylm.h">
      <Filter>Header Files</Filter>
    </ClInclude>
    <ClInclude Include="src\base\potentials.hh">
      <Filter>Header Files</Filter>
    </ClInclude>
    <ClInclude Include="tsurff.h">
      <Filter>Source Files</Filter>
    </ClInclude>
    <ClInclude Include="Imag.h">
      <Filter>Source Files</Filter>
    </ClInclude>
    <ClInclude Include="Real.h">
      <Filter>Source Files</Filter>
    </ClInclude>
    <ClInclude Include="Header.h">
      <Filter>Source Files</Filter>
    </ClInclude>
    <ClInclude Include="isurff.h">
      <Filter>Source Files</Filter>
    </ClInclude>
    <ClInclude Include="tsurff_MPI.h">
      <Filter>Source Files</Filter>
    </ClInclude>
  </ItemGroup>
  <ItemGroup>
    <None Include="packages.config" />
  </ItemGroup>
</Project>